// !$*UTF8*$!
{
	archiveVersion = 1;
	classes = {
	};
	objectVersion = 46;
	objects = {

/* Begin PBXBuildFile section */
		4EFF67111C887D8800F564D7 /* AppDelegate.swift in Sources */ = {isa = PBXBuildFile; fileRef = 4EFF67101C887D8800F564D7 /* AppDelegate.swift */; };
		4EFF67131C887D8800F564D7 /* ViewController.swift in Sources */ = {isa = PBXBuildFile; fileRef = 4EFF67121C887D8800F564D7 /* ViewController.swift */; };
		4EFF67161C887D8800F564D7 /* Main.storyboard in Resources */ = {isa = PBXBuildFile; fileRef = 4EFF67141C887D8800F564D7 /* Main.storyboard */; };
		4EFF67191C887D8800F564D7 /* Bow_Ties.xcdatamodeld in Sources */ = {isa = PBXBuildFile; fileRef = 4EFF67171C887D8800F564D7 /* Bow_Ties.xcdatamodeld */; };
		4EFF671B1C887D8800F564D7 /* Assets.xcassets in Resources */ = {isa = PBXBuildFile; fileRef = 4EFF671A1C887D8800F564D7 /* Assets.xcassets */; };
		4EFF671E1C887D8800F564D7 /* LaunchScreen.storyboard in Resources */ = {isa = PBXBuildFile; fileRef = 4EFF671C1C887D8800F564D7 /* LaunchScreen.storyboard */; };
		4EFF67291C887D8800F564D7 /* Bow_TiesTests.swift in Sources */ = {isa = PBXBuildFile; fileRef = 4EFF67281C887D8800F564D7 /* Bow_TiesTests.swift */; };
		4EFF67341C887D8800F564D7 /* Bow_TiesUITests.swift in Sources */ = {isa = PBXBuildFile; fileRef = 4EFF67331C887D8800F564D7 /* Bow_TiesUITests.swift */; };
		4EFF67421C8881D400F564D7 /* SampleData.plist in Resources */ = {isa = PBXBuildFile; fileRef = 4EFF67411C8881D400F564D7 /* SampleData.plist */; };
		4EFF67451C8897BE00F564D7 /* BowTie+CoreDataProperties.swift in Sources */ = {isa = PBXBuildFile; fileRef = 4EFF67431C8897BD00F564D7 /* BowTie+CoreDataProperties.swift */; };
		4EFF67461C8897BE00F564D7 /* BowTie.swift in Sources */ = {isa = PBXBuildFile; fileRef = 4EFF67441C8897BD00F564D7 /* BowTie.swift */; };
/* End PBXBuildFile section */

/* Begin PBXContainerItemProxy section */
		4EFF67251C887D8800F564D7 /* PBXContainerItemProxy */ = {
			isa = PBXContainerItemProxy;
			containerPortal = 4EFF67051C887D8800F564D7 /* Project object */;
			proxyType = 1;
			remoteGlobalIDString = 4EFF670C1C887D8800F564D7;
			remoteInfo = "Bow Ties";
		};
		4EFF67301C887D8800F564D7 /* PBXContainerItemProxy */ = {
			isa = PBXContainerItemProxy;
			containerPortal = 4EFF67051C887D8800F564D7 /* Project object */;
			proxyType = 1;
			remoteGlobalIDString = 4EFF670C1C887D8800F564D7;
			remoteInfo = "Bow Ties";
		};
/* End PBXContainerItemProxy section */

/* Begin PBXFileReference section */
		4EFF670D1C887D8800F564D7 /* Bow Ties.app */ = {isa = PBXFileReference; explicitFileType = wrapper.application; includeInIndex = 0; path = "Bow Ties.app"; sourceTree = BUILT_PRODUCTS_DIR; };
		4EFF67101C887D8800F564D7 /* AppDelegate.swift */ = {isa = PBXFileReference; lastKnownFileType = sourcecode.swift; path = AppDelegate.swift; sourceTree = "<group>"; };
		4EFF67121C887D8800F564D7 /* ViewController.swift */ = {isa = PBXFileReference; lastKnownFileType = sourcecode.swift; path = ViewController.swift; sourceTree = "<group>"; };
		4EFF67151C887D8800F564D7 /* Base */ = {isa = PBXFileReference; lastKnownFileType = file.storyboard; name = Base; path = Base.lproj/Main.storyboard; sourceTree = "<group>"; };
		4EFF67181C887D8800F564D7 /* Bow_Ties.xcdatamodel */ = {isa = PBXFileReference; lastKnownFileType = wrapper.xcdatamodel; path = Bow_Ties.xcdatamodel; sourceTree = "<group>"; };
		4EFF671A1C887D8800F564D7 /* Assets.xcassets */ = {isa = PBXFileReference; lastKnownFileType = folder.assetcatalog; path = Assets.xcassets; sourceTree = "<group>"; };
		4EFF671D1C887D8800F564D7 /* Base */ = {isa = PBXFileReference; lastKnownFileType = file.storyboard; name = Base; path = Base.lproj/LaunchScreen.storyboard; sourceTree = "<group>"; };
		4EFF671F1C887D8800F564D7 /* Info.plist */ = {isa = PBXFileReference; lastKnownFileType = text.plist.xml; path = Info.plist; sourceTree = "<group>"; };
		4EFF67241C887D8800F564D7 /* Bow TiesTests.xctest */ = {isa = PBXFileReference; explicitFileType = wrapper.cfbundle; includeInIndex = 0; path = "Bow TiesTests.xctest"; sourceTree = BUILT_PRODUCTS_DIR; };
		4EFF67281C887D8800F564D7 /* Bow_TiesTests.swift */ = {isa = PBXFileReference; lastKnownFileType = sourcecode.swift; path = Bow_TiesTests.swift; sourceTree = "<group>"; };
		4EFF672A1C887D8800F564D7 /* Info.plist */ = {isa = PBXFileReference; lastKnownFileType = text.plist.xml; path = Info.plist; sourceTree = "<group>"; };
		4EFF672F1C887D8800F564D7 /* Bow TiesUITests.xctest */ = {isa = PBXFileReference; explicitFileType = wrapper.cfbundle; includeInIndex = 0; path = "Bow TiesUITests.xctest"; sourceTree = BUILT_PRODUCTS_DIR; };
		4EFF67331C887D8800F564D7 /* Bow_TiesUITests.swift */ = {isa = PBXFileReference; lastKnownFileType = sourcecode.swift; path = Bow_TiesUITests.swift; sourceTree = "<group>"; };
		4EFF67351C887D8800F564D7 /* Info.plist */ = {isa = PBXFileReference; lastKnownFileType = text.plist.xml; path = Info.plist; sourceTree = "<group>"; };
		4EFF67411C8881D400F564D7 /* SampleData.plist */ = {isa = PBXFileReference; fileEncoding = 4; lastKnownFileType = text.plist.xml; path = SampleData.plist; sourceTree = "<group>"; };
		4EFF67431C8897BD00F564D7 /* BowTie+CoreDataProperties.swift */ = {isa = PBXFileReference; fileEncoding = 4; lastKnownFileType = sourcecode.swift; path = "BowTie+CoreDataProperties.swift"; sourceTree = "<group>"; };
		4EFF67441C8897BD00F564D7 /* BowTie.swift */ = {isa = PBXFileReference; fileEncoding = 4; lastKnownFileType = sourcecode.swift; path = BowTie.swift; sourceTree = "<group>"; };
/* End PBXFileReference section */

/* Begin PBXFrameworksBuildPhase section */
		4EFF670A1C887D8800F564D7 /* Frameworks */ = {
			isa = PBXFrameworksBuildPhase;
			buildActionMask = 2147483647;
			files = (
			);
			runOnlyForDeploymentPostprocessing = 0;
		};
		4EFF67211C887D8800F564D7 /* Frameworks */ = {
			isa = PBXFrameworksBuildPhase;
			buildActionMask = 2147483647;
			files = (
			);
			runOnlyForDeploymentPostprocessing = 0;
		};
		4EFF672C1C887D8800F564D7 /* Frameworks */ = {
			isa = PBXFrameworksBuildPhase;
			buildActionMask = 2147483647;
			files = (
			);
			runOnlyForDeploymentPostprocessing = 0;
		};
/* End PBXFrameworksBuildPhase section */

/* Begin PBXGroup section */
		4EFF67041C887D8800F564D7 = {
			isa = PBXGroup;
			children = (
				4EFF67431C8897BD00F564D7 /* BowTie+CoreDataProperties.swift */,
				4EFF67441C8897BD00F564D7 /* BowTie.swift */,
				4EFF670F1C887D8800F564D7 /* Bow Ties */,
				4EFF67271C887D8800F564D7 /* Bow TiesTests */,
				4EFF67321C887D8800F564D7 /* Bow TiesUITests */,
				4EFF670E1C887D8800F564D7 /* Products */,
			);
			sourceTree = "<group>";
		};
		4EFF670E1C887D8800F564D7 /* Products */ = {
			isa = PBXGroup;
			children = (
				4EFF670D1C887D8800F564D7 /* Bow Ties.app */,
				4EFF67241C887D8800F564D7 /* Bow TiesTests.xctest */,
				4EFF672F1C887D8800F564D7 /* Bow TiesUITests.xctest */,
			);
			name = Products;
			sourceTree = "<group>";
		};
		4EFF670F1C887D8800F564D7 /* Bow Ties */ = {
			isa = PBXGroup;
			children = (
				4EFF67101C887D8800F564D7 /* AppDelegate.swift */,
				4EFF67121C887D8800F564D7 /* ViewController.swift */,
				4EFF67141C887D8800F564D7 /* Main.storyboard */,
				4EFF671A1C887D8800F564D7 /* Assets.xcassets */,
				4EFF67411C8881D400F564D7 /* SampleData.plist */,
				4EFF671C1C887D8800F564D7 /* LaunchScreen.storyboard */,
				4EFF671F1C887D8800F564D7 /* Info.plist */,
				4EFF67171C887D8800F564D7 /* Bow_Ties.xcdatamodeld */,
			);
			path = "Bow Ties";
			sourceTree = "<group>";
		};
		4EFF67271C887D8800F564D7 /* Bow TiesTests */ = {
			isa = PBXGroup;
			children = (
				4EFF67281C887D8800F564D7 /* Bow_TiesTests.swift */,
				4EFF672A1C887D8800F564D7 /* Info.plist */,
			);
			path = "Bow TiesTests";
			sourceTree = "<group>";
		};
		4EFF67321C887D8800F564D7 /* Bow TiesUITests */ = {
			isa = PBXGroup;
			children = (
				4EFF67331C887D8800F564D7 /* Bow_TiesUITests.swift */,
				4EFF67351C887D8800F564D7 /* Info.plist */,
			);
			path = "Bow TiesUITests";
			sourceTree = "<group>";
		};
/* End PBXGroup section */

/* Begin PBXNativeTarget section */
		4EFF670C1C887D8800F564D7 /* Bow Ties */ = {
			isa = PBXNativeTarget;
			buildConfigurationList = 4EFF67381C887D8800F564D7 /* Build configuration list for PBXNativeTarget "Bow Ties" */;
			buildPhases = (
				4EFF67091C887D8800F564D7 /* Sources */,
				4EFF670A1C887D8800F564D7 /* Frameworks */,
				4EFF670B1C887D8800F564D7 /* Resources */,
			);
			buildRules = (
			);
			dependencies = (
			);
			name = "Bow Ties";
			productName = "Bow Ties";
			productReference = 4EFF670D1C887D8800F564D7 /* Bow Ties.app */;
			productType = "com.apple.product-type.application";
		};
		4EFF67231C887D8800F564D7 /* Bow TiesTests */ = {
			isa = PBXNativeTarget;
			buildConfigurationList = 4EFF673B1C887D8800F564D7 /* Build configuration list for PBXNativeTarget "Bow TiesTests" */;
			buildPhases = (
				4EFF67201C887D8800F564D7 /* Sources */,
				4EFF67211C887D8800F564D7 /* Frameworks */,
				4EFF67221C887D8800F564D7 /* Resources */,
			);
			buildRules = (
			);
			dependencies = (
				4EFF67261C887D8800F564D7 /* PBXTargetDependency */,
			);
			name = "Bow TiesTests";
			productName = "Bow TiesTests";
			productReference = 4EFF67241C887D8800F564D7 /* Bow TiesTests.xctest */;
			productType = "com.apple.product-type.bundle.unit-test";
		};
		4EFF672E1C887D8800F564D7 /* Bow TiesUITests */ = {
			isa = PBXNativeTarget;
			buildConfigurationList = 4EFF673E1C887D8800F564D7 /* Build configuration list for PBXNativeTarget "Bow TiesUITests" */;
			buildPhases = (
				4EFF672B1C887D8800F564D7 /* Sources */,
				4EFF672C1C887D8800F564D7 /* Frameworks */,
				4EFF672D1C887D8800F564D7 /* Resources */,
			);
			buildRules = (
			);
			dependencies = (
				4EFF67311C887D8800F564D7 /* PBXTargetDependency */,
			);
			name = "Bow TiesUITests";
			productName = "Bow TiesUITests";
			productReference = 4EFF672F1C887D8800F564D7 /* Bow TiesUITests.xctest */;
			productType = "com.apple.product-type.bundle.ui-testing";
		};
/* End PBXNativeTarget section */

/* Begin PBXProject section */
		4EFF67051C887D8800F564D7 /* Project object */ = {
			isa = PBXProject;
			attributes = {
				LastSwiftUpdateCheck = 0720;
				LastUpgradeCheck = 0720;
				ORGANIZATIONNAME = allperr;
				TargetAttributes = {
					4EFF670C1C887D8800F564D7 = {
						CreatedOnToolsVersion = 7.2.1;
						DevelopmentTeam = 4B72B6ARQW;
					};
					4EFF67231C887D8800F564D7 = {
						CreatedOnToolsVersion = 7.2.1;
						DevelopmentTeam = 4B72B6ARQW;
						TestTargetID = 4EFF670C1C887D8800F564D7;
					};
					4EFF672E1C887D8800F564D7 = {
						CreatedOnToolsVersion = 7.2.1;
						DevelopmentTeam = 4B72B6ARQW;
						TestTargetID = 4EFF670C1C887D8800F564D7;
					};
				};
			};
			buildConfigurationList = 4EFF67081C887D8800F564D7 /* Build configuration list for PBXProject "Bow Ties" */;
			compatibilityVersion = "Xcode 3.2";
			developmentRegion = English;
			hasScannedForEncodings = 0;
			knownRegions = (
				en,
				Base,
			);
			mainGroup = 4EFF67041C887D8800F564D7;
			productRefGroup = 4EFF670E1C887D8800F564D7 /* Products */;
			projectDirPath = "";
			projectRoot = "";
			targets = (
				4EFF670C1C887D8800F564D7 /* Bow Ties */,
				4EFF67231C887D8800F564D7 /* Bow TiesTests */,
				4EFF672E1C887D8800F564D7 /* Bow TiesUITests */,
			);
		};
/* End PBXProject section */

/* Begin PBXResourcesBuildPhase section */
		4EFF670B1C887D8800F564D7 /* Resources */ = {
			isa = PBXResourcesBuildPhase;
			buildActionMask = 2147483647;
			files = (
				4EFF671E1C887D8800F564D7 /* LaunchScreen.storyboard in Resources */,
				4EFF671B1C887D8800F564D7 /* Assets.xcassets in Resources */,
				4EFF67421C8881D400F564D7 /* SampleData.plist in Resources */,
				4EFF67161C887D8800F564D7 /* Main.storyboard in Resources */,
			);
			runOnlyForDeploymentPostprocessing = 0;
		};
		4EFF67221C887D8800F564D7 /* Resources */ = {
			isa = PBXResourcesBuildPhase;
			buildActionMask = 2147483647;
			files = (
			);
			runOnlyForDeploymentPostprocessing = 0;
		};
		4EFF672D1C887D8800F564D7 /* Resources */ = {
			isa = PBXResourcesBuildPhase;
			buildActionMask = 2147483647;
			files = (
			);
			runOnlyForDeploymentPostprocessing = 0;
		};
/* End PBXResourcesBuildPhase section */

/* Begin PBXSourcesBuildPhase section */
		4EFF67091C887D8800F564D7 /* Sources */ = {
			isa = PBXSourcesBuildPhase;
			buildActionMask = 2147483647;
			files = (
				4EFF67191C887D8800F564D7 /* Bow_Ties.xcdatamodeld in Sources */,
				4EFF67461C8897BE00F564D7 /* BowTie.swift in Sources */,
				4EFF67131C887D8800F564D7 /* ViewController.swift in Sources */,
				4EFF67111C887D8800F564D7 /* AppDelegate.swift in Sources */,
				4EFF67451C8897BE00F564D7 /* BowTie+CoreDataProperties.swift in Sources */,
			);
			runOnlyForDeploymentPostprocessing = 0;
		};
		4EFF67201C887D8800F564D7 /* Sources */ = {
			isa = PBXSourcesBuildPhase;
			buildActionMask = 2147483647;
			files = (
				4EFF67291C887D8800F564D7 /* Bow_TiesTests.swift in Sources */,
			);
			runOnlyForDeploymentPostprocessing = 0;
		};
		4EFF672B1C887D8800F564D7 /* Sources */ = {
			isa = PBXSourcesBuildPhase;
			buildActionMask = 2147483647;
			files = (
				4EFF67341C887D8800F564D7 /* Bow_TiesUITests.swift in Sources */,
			);
			runOnlyForDeploymentPostprocessing = 0;
		};
/* End PBXSourcesBuildPhase section */

/* Begin PBXTargetDependency section */
		4EFF67261C887D8800F564D7 /* PBXTargetDependency */ = {
			isa = PBXTargetDependency;
			target = 4EFF670C1C887D8800F564D7 /* Bow Ties */;
			targetProxy = 4EFF67251C887D8800F564D7 /* PBXContainerItemProxy */;
		};
		4EFF67311C887D8800F564D7 /* PBXTargetDependency */ = {
			isa = PBXTargetDependency;
			target = 4EFF670C1C887D8800F564D7 /* Bow Ties */;
			targetProxy = 4EFF67301C887D8800F564D7 /* PBXContainerItemProxy */;
		};
/* End PBXTargetDependency section */

/* Begin PBXVariantGroup section */
		4EFF67141C887D8800F564D7 /* Main.storyboard */ = {
			isa = PBXVariantGroup;
			children = (
				4EFF67151C887D8800F564D7 /* Base */,
			);
			name = Main.storyboard;
			sourceTree = "<group>";
		};
		4EFF671C1C887D8800F564D7 /* LaunchScreen.storyboard */ = {
			isa = PBXVariantGroup;
			children = (
				4EFF671D1C887D8800F564D7 /* Base */,
			);
			name = LaunchScreen.storyboard;
			sourceTree = "<group>";
		};
/* End PBXVariantGroup section */

/* Begin XCBuildConfiguration section */
		4EFF67361C887D8800F564D7 /* Debug */ = {
			isa = XCBuildConfiguration;
			buildSettings = {
				ALWAYS_SEARCH_USER_PATHS = NO;
				CLANG_CXX_LANGUAGE_STANDARD = "gnu++0x";
				CLANG_CXX_LIBRARY = "libc++";
				CLANG_ENABLE_MODULES = YES;
				CLANG_ENABLE_OBJC_ARC = YES;
				CLANG_WARN_BOOL_CONVERSION = YES;
				CLANG_WARN_CONSTANT_CONVERSION = YES;
				CLANG_WARN_DIRECT_OBJC_ISA_USAGE = YES_ERROR;
				CLANG_WARN_EMPTY_BODY = YES;
				CLANG_WARN_ENUM_CONVERSION = YES;
				CLANG_WARN_INT_CONVERSION = YES;
				CLANG_WARN_OBJC_ROOT_CLASS = YES_ERROR;
				CLANG_WARN_UNREACHABLE_CODE = YES;
				CLANG_WARN__DUPLICATE_METHOD_MATCH = YES;
				"CODE_SIGN_IDENTITY[sdk=iphoneos*]" = "iPhone Developer";
				COPY_PHASE_STRIP = NO;
				DEBUG_INFORMATION_FORMAT = dwarf;
				ENABLE_STRICT_OBJC_MSGSEND = YES;
				ENABLE_TESTABILITY = YES;
				GCC_C_LANGUAGE_STANDARD = gnu99;
				GCC_DYNAMIC_NO_PIC = NO;
				GCC_NO_COMMON_BLOCKS = YES;
				GCC_OPTIMIZATION_LEVEL = 0;
				GCC_PREPROCESSOR_DEFINITIONS = (
					"DEBUG=1",
					"$(inherited)",
				);
				GCC_WARN_64_TO_32_BIT_CONVERSION = YES;
				GCC_WARN_ABOUT_RETURN_TYPE = YES_ERROR;
				GCC_WARN_UNDECLARED_SELECTOR = YES;
				GCC_WARN_UNINITIALIZED_AUTOS = YES_AGGRESSIVE;
				GCC_WARN_UNUSED_FUNCTION = YES;
				GCC_WARN_UNUSED_VARIABLE = YES;
				IPHONEOS_DEPLOYMENT_TARGET = 9.2;
				MTL_ENABLE_DEBUG_INFO = YES;
				ONLY_ACTIVE_ARCH = YES;
				SDKROOT = iphoneos;
				SWIFT_OPTIMIZATION_LEVEL = "-Onone";
				TARGETED_DEVICE_FAMILY = "1,2";
			};
			name = Debug;
		};
		4EFF67371C887D8800F564D7 /* Release */ = {
			isa = XCBuildConfiguration;
			buildSettings = {
				ALWAYS_SEARCH_USER_PATHS = NO;
				CLANG_CXX_LANGUAGE_STANDARD = "gnu++0x";
				CLANG_CXX_LIBRARY = "libc++";
				CLANG_ENABLE_MODULES = YES;
				CLANG_ENABLE_OBJC_ARC = YES;
				CLANG_WARN_BOOL_CONVERSION = YES;
				CLANG_WARN_CONSTANT_CONVERSION = YES;
				CLANG_WARN_DIRECT_OBJC_ISA_USAGE = YES_ERROR;
				CLANG_WARN_EMPTY_BODY = YES;
				CLANG_WARN_ENUM_CONVERSION = YES;
				CLANG_WARN_INT_CONVERSION = YES;
				CLANG_WARN_OBJC_ROOT_CLASS = YES_ERROR;
				CLANG_WARN_UNREACHABLE_CODE = YES;
				CLANG_WARN__DUPLICATE_METHOD_MATCH = YES;
				"CODE_SIGN_IDENTITY[sdk=iphoneos*]" = "iPhone Developer";
				COPY_PHASE_STRIP = NO;
				DEBUG_INFORMATION_FORMAT = "dwarf-with-dsym";
				ENABLE_NS_ASSERTIONS = NO;
				ENABLE_STRICT_OBJC_MSGSEND = YES;
				GCC_C_LANGUAGE_STANDARD = gnu99;
				GCC_NO_COMMON_BLOCKS = YES;
				GCC_WARN_64_TO_32_BIT_CONVERSION = YES;
				GCC_WARN_ABOUT_RETURN_TYPE = YES_ERROR;
				GCC_WARN_UNDECLARED_SELECTOR = YES;
				GCC_WARN_UNINITIALIZED_AUTOS = YES_AGGRESSIVE;
				GCC_WARN_UNUSED_FUNCTION = YES;
				GCC_WARN_UNUSED_VARIABLE = YES;
				IPHONEOS_DEPLOYMENT_TARGET = 9.2;
				MTL_ENABLE_DEBUG_INFO = NO;
				SDKROOT = iphoneos;
				TARGETED_DEVICE_FAMILY = "1,2";
				VALIDATE_PRODUCT = YES;
			};
			name = Release;
		};
		4EFF67391C887D8800F564D7 /* Debug */ = {
			isa = XCBuildConfiguration;
			buildSettings = {
				ASSETCATALOG_COMPILER_APPICON_NAME = AppIcon;
				INFOPLIST_FILE = "Bow Ties/Info.plist";
				IPHONEOS_DEPLOYMENT_TARGET = 9.1;
				LD_RUNPATH_SEARCH_PATHS = "$(inherited) @executable_path/Frameworks";
				PRODUCT_BUNDLE_IDENTIFIER = "com.alper.Bow-Ties";
				PRODUCT_NAME = "$(TARGET_NAME)";
			};
			name = Debug;
		};
		4EFF673A1C887D8800F564D7 /* Release */ = {
			isa = XCBuildConfiguration;
			buildSettings = {
				ASSETCATALOG_COMPILER_APPICON_NAME = AppIcon;
				INFOPLIST_FILE = "Bow Ties/Info.plist";
				IPHONEOS_DEPLOYMENT_TARGET = 9.1;
				LD_RUNPATH_SEARCH_PATHS = "$(inherited) @executable_path/Frameworks";
				PRODUCT_BUNDLE_IDENTIFIER = "com.alper.Bow-Ties";
				PRODUCT_NAME = "$(TARGET_NAME)";
			};
			name = Release;
		};
		4EFF673C1C887D8800F564D7 /* Debug */ = {
			isa = XCBuildConfiguration;
			buildSettings = {
				BUNDLE_LOADER = "$(TEST_HOST)";
				INFOPLIST_FILE = "Bow TiesTests/Info.plist";
				LD_RUNPATH_SEARCH_PATHS = "$(inherited) @executable_path/Frameworks @loader_path/Frameworks";
				PRODUCT_BUNDLE_IDENTIFIER = "com.alper.Bow-TiesTests";
				PRODUCT_NAME = "$(TARGET_NAME)";
				TEST_HOST = "$(BUILT_PRODUCTS_DIR)/Bow Ties.app/Bow Ties";
			};
			name = Debug;
		};
		4EFF673D1C887D8800F564D7 /* Release */ = {
			isa = XCBuildConfiguration;
			buildSettings = {
				BUNDLE_LOADER = "$(TEST_HOST)";
				INFOPLIST_FILE = "Bow TiesTests/Info.plist";
				LD_RUNPATH_SEARCH_PATHS = "$(inherited) @executable_path/Frameworks @loader_path/Frameworks";
				PRODUCT_BUNDLE_IDENTIFIER = "com.alper.Bow-TiesTests";
				PRODUCT_NAME = "$(TARGET_NAME)";
				TEST_HOST = "$(BUILT_PRODUCTS_DIR)/Bow Ties.app/Bow Ties";
			};
			name = Release;
		};
		4EFF673F1C887D8800F564D7 /* Debug */ = {
			isa = XCBuildConfiguration;
			buildSettings = {
				INFOPLIST_FILE = "Bow TiesUITests/Info.plist";
				LD_RUNPATH_SEARCH_PATHS = "$(inherited) @executable_path/Frameworks @loader_path/Frameworks";
				PRODUCT_BUNDLE_IDENTIFIER = "com.alper.Bow-TiesUITests";
				PRODUCT_NAME = "$(TARGET_NAME)";
				TEST_TARGET_NAME = "Bow Ties";
				USES_XCTRUNNER = YES;
			};
			name = Debug;
		};
		4EFF67401C887D8800F564D7 /* Release */ = {
			isa = XCBuildConfiguration;
			buildSettings = {
				INFOPLIST_FILE = "Bow TiesUITests/Info.plist";
				LD_RUNPATH_SEARCH_PATHS = "$(inherited) @executable_path/Frameworks @loader_path/Frameworks";
				PRODUCT_BUNDLE_IDENTIFIER = "com.alper.Bow-TiesUITests";
				PRODUCT_NAME = "$(TARGET_NAME)";
				TEST_TARGET_NAME = "Bow Ties";
				USES_XCTRUNNER = YES;
			};
			name = Release;
		};
/* End XCBuildConfiguration section */

/* Begin XCConfigurationList section */
		4EFF67081C887D8800F564D7 /* Build configuration list for PBXProject "Bow Ties" */ = {
			isa = XCConfigurationList;
			buildConfigurations = (
				4EFF67361C887D8800F564D7 /* Debug */,
				4EFF67371C887D8800F564D7 /* Release */,
			);
			defaultConfigurationIsVisible = 0;
			defaultConfigurationName = Release;
		};
		4EFF67381C887D8800F564D7 /* Build configuration list for PBXNativeTarget "Bow Ties" */ = {
			isa = XCConfigurationList;
			buildConfigurations = (
				4EFF67391C887D8800F564D7 /* Debug */,
				4EFF673A1C887D8800F564D7 /* Release */,
			);
			defaultConfigurationIsVisible = 0;
		};
		4EFF673B1C887D8800F564D7 /* Build configuration list for PBXNativeTarget "Bow TiesTests" */ = {
			isa = XCConfigurationList;
			buildConfigurations = (
				4EFF673C1C887D8800F564D7 /* Debug */,
				4EFF673D1C887D8800F564D7 /* Release */,
			);
			defaultConfigurationIsVisible = 0;
		};
		4EFF673E1C887D8800F564D7 /* Build configuration list for PBXNativeTarget "Bow TiesUITests" */ = {
			isa = XCConfigurationList;
			buildConfigurations = (
				4EFF673F1C887D8800F564D7 /* Debug */,
				4EFF67401C887D8800F564D7 /* Release */,
			);
			defaultConfigurationIsVisible = 0;
		};
/* End XCConfigurationList section */

/* Begin XCVersionGroup section */
		4EFF67171C887D8800F564D7 /* Bow_Ties.xcdatamodeld */ = {
			isa = XCVersionGroup;
			children = (
				4EFF67181C887D8800F564D7 /* Bow_Ties.xcdatamodel */,
			);
			currentVersion = 4EFF67181C887D8800F564D7 /* Bow_Ties.xcdatamodel */;
			path = Bow_Ties.xcdatamodeld;
			sourceTree = "<group>";
			versionGroupType = wrapper.xcdatamodel;
		};
/* End XCVersionGroup section */
	};
	rootObject = 4EFF67051C887D8800F564D7 /* Project object */;
}
